
Microsoft Visual Studio Solution File, Format Version 12.00
# Visual Studio Version 17
VisualStudioVersion = 17.4.33205.214
MinimumVisualStudioVersion = 10.0.40219.1
Project("{9A19103F-16F7-4668-BE54-9A1E7A4F7556}") = "NonPersistentObjectsDemo.Module", "NonPersistentObjectsDemo.Module\NonPersistentObjectsDemo.Module.csproj", "{E34E44B2-4576-4A31-953A-46065FF16350}"
EndProject
Project("{9A19103F-16F7-4668-BE54-9A1E7A4F7556}") = "NonPersistentObjectsDemo.Win", "NonPersistentObjectsDemo.Win\NonPersistentObjectsDemo.Win.csproj", "{87C07B30-FE6E-4353-B9F9-BE53770892FA}"
EndProject
Project("{9A19103F-16F7-4668-BE54-9A1E7A4F7556}") = "NonPersistentObjectsDemo.Blazor.Server", "NonPersistentObjectsDemo.Blazor.Server\NonPersistentObjectsDemo.Blazor.Server.csproj", "{486A8C71-7C1F-4A3D-B285-1074824AF55C}"
EndProject
Global
	GlobalSection(SolutionConfigurationPlatforms) = preSolution
		Debug|Any CPU = Debug|Any CPU
		EasyTest|Any CPU = EasyTest|Any CPU
		Release|Any CPU = Release|Any CPU
	EndGlobalSection
	GlobalSection(ProjectConfigurationPlatforms) = postSolution
		{E34E44B2-4576-4A31-953A-46065FF16350}.Debug|Any CPU.ActiveCfg = Debug|Any CPU
		{E34E44B2-4576-4A31-953A-46065FF16350}.Debug|Any CPU.Build.0 = Debug|Any CPU
		{E34E44B2-4576-4A31-953A-46065FF16350}.EasyTest|Any CPU.ActiveCfg = EasyTest|Any CPU
		{E34E44B2-4576-4A31-953A-46065FF16350}.EasyTest|Any CPU.Build.0 = EasyTest|Any CPU
		{E34E44B2-4576-4A31-953A-46065FF16350}.Release|Any CPU.ActiveCfg = Release|Any CPU
		{E34E44B2-4576-4A31-953A-46065FF16350}.Release|Any CPU.Build.0 = Release|Any CPU
		{87C07B30-FE6E-4353-B9F9-BE53770892FA}.Debug|Any CPU.ActiveCfg = Debug|Any CPU
		{87C07B30-FE6E-4353-B9F9-BE53770892FA}.Debug|Any CPU.Build.0 = Debug|Any CPU
		{87C07B30-FE6E-4353-B9F9-BE53770892FA}.EasyTest|Any CPU.ActiveCfg = EasyTest|Any CPU
		{87C07B30-FE6E-4353-B9F9-BE53770892FA}.EasyTest|Any CPU.Build.0 = EasyTest|Any CPU
		{87C07B30-FE6E-4353-B9F9-BE53770892FA}.Release|Any CPU.ActiveCfg = Release|Any CPU
		{87C07B30-FE6E-4353-B9F9-BE53770892FA}.Release|Any CPU.Build.0 = Release|Any CPU
		{486A8C71-7C1F-4A3D-B285-1074824AF55C}.Debug|Any CPU.ActiveCfg = Debug|Any CPU
		{486A8C71-7C1F-4A3D-B285-1074824AF55C}.Debug|Any CPU.Build.0 = Debug|Any CPU
		{486A8C71-7C1F-4A3D-B285-1074824AF55C}.EasyTest|Any CPU.ActiveCfg = EasyTest|Any CPU
		{486A8C71-7C1F-4A3D-B285-1074824AF55C}.EasyTest|Any CPU.Build.0 = EasyTest|Any CPU
		{486A8C71-7C1F-4A3D-B285-1074824AF55C}.Release|Any CPU.ActiveCfg = Release|Any CPU
		{486A8C71-7C1F-4A3D-B285-1074824AF55C}.Release|Any CPU.Build.0 = Release|Any CPU
	EndGlobalSection
	GlobalSection(SolutionProperties) = preSolution
		HideSolutionNode = FALSE
	EndGlobalSection
	GlobalSection(ExtensibilityGlobals) = postSolution
		SolutionGuid = {F59A8D5D-B631-4781-834D-CBA5F54337DA}
	EndGlobalSection
EndGlobal
